
Microsoft Visual Studio Solution File, Format Version 12.00
# Visual Studio Version 16
VisualStudioVersion = 16.0.32630.194
MinimumVisualStudioVersion = 10.0.40219.1
Project("{FAE04EC0-301F-11D3-BF4B-00C04F79EFBC}") = "SalesMvcEntityFramework", "SalesMvcEntityFramework\SalesMvcEntityFramework.csproj", "{92AF8F9A-FEF6-4D42-BC71-64A7086AFAC5}"
EndProject
Global
	GlobalSection(SolutionConfigurationPlatforms) = preSolution
		Debug|Any CPU = Debug|Any CPU
		Release|Any CPU = Release|Any CPU
	EndGlobalSection
	GlobalSection(ProjectConfigurationPlatforms) = postSolution
		{92AF8F9A-FEF6-4D42-BC71-64A7086AFAC5}.Debug|Any CPU.ActiveCfg = Debug|Any CPU
		{92AF8F9A-FEF6-4D42-BC71-64A7086AFAC5}.Debug|Any CPU.Build.0 = Debug|Any CPU
		{92AF8F9A-FEF6-4D42-BC71-64A7086AFAC5}.Release|Any CPU.ActiveCfg = Release|Any CPU
		{92AF8F9A-FEF6-4D42-BC71-64A7086AFAC5}.Release|Any CPU.Build.0 = Release|Any CPU
	EndGlobalSection
	GlobalSection(SolutionProperties) = preSolution
		HideSolutionNode = FALSE
	EndGlobalSection
	GlobalSection(ExtensibilityGlobals) = postSolution
		SolutionGuid = {DA4B08E4-4A3C-4290-8B97-BA1386AA4E1C}
	EndGlobalSection
EndGlobal
